
Microsoft Visual Studio Solution File, Format Version 12.00
# Visual Studio Version 16
VisualStudioVersion = 16.0.29318.209
MinimumVisualStudioVersion = 10.0.40219.1
Project("{FAE04EC0-301F-11D3-BF4B-00C04F79EFBC}") = "FileTypeChecker", "FileTypeChecker\FileTypeChecker.csproj", "{3508F73C-16CA-46E2-9BAA-77B21B99AE5A}"
EndProject
Project("{FAE04EC0-301F-11D3-BF4B-00C04F79EFBC}") = "FileTypeChecker.App", "FileTypeChecker.App\FileTypeChecker.App.csproj", "{9DF354A6-8C9F-4B46-88EF-21DF2ADD3E5D}"
EndProject
Global
	GlobalSection(SolutionConfigurationPlatforms) = preSolution
		Debug|Any CPU = Debug|Any CPU
		Release|Any CPU = Release|Any CPU
	EndGlobalSection
	GlobalSection(ProjectConfigurationPlatforms) = postSolution
		{3508F73C-16CA-46E2-9BAA-77B21B99AE5A}.Debug|Any CPU.ActiveCfg = Debug|Any CPU
		{3508F73C-16CA-46E2-9BAA-77B21B99AE5A}.Debug|Any CPU.Build.0 = Debug|Any CPU
		{3508F73C-16CA-46E2-9BAA-77B21B99AE5A}.Release|Any CPU.ActiveCfg = Release|Any CPU
		{3508F73C-16CA-46E2-9BAA-77B21B99AE5A}.Release|Any CPU.Build.0 = Release|Any CPU
		{9DF354A6-8C9F-4B46-88EF-21DF2ADD3E5D}.Debug|Any CPU.ActiveCfg = Debug|Any CPU
		{9DF354A6-8C9F-4B46-88EF-21DF2ADD3E5D}.Debug|Any CPU.Build.0 = Debug|Any CPU
		{9DF354A6-8C9F-4B46-88EF-21DF2ADD3E5D}.Release|Any CPU.ActiveCfg = Release|Any CPU
		{9DF354A6-8C9F-4B46-88EF-21DF2ADD3E5D}.Release|Any CPU.Build.0 = Release|Any CPU
	EndGlobalSection
	GlobalSection(SolutionProperties) = preSolution
		HideSolutionNode = FALSE
	EndGlobalSection
	GlobalSection(ExtensibilityGlobals) = postSolution
		SolutionGuid = {AFF2EBA4-A45E-4B58-814E-CB8F2F1B0638}
	EndGlobalSection
EndGlobal
