
Microsoft Visual Studio Solution File, Format Version 12.00
# Visual Studio Version 16
VisualStudioVersion = 16.0.29318.209
MinimumVisualStudioVersion = 10.0.40219.1
Project("{9A19103F-16F7-4668-BE54-9A1E7A4F7556}") = "FileTypeChecker", "FileTypeChecker\FileTypeChecker.csproj", "{3508F73C-16CA-46E2-9BAA-77B21B99AE5A}"
EndProject
Project("{9A19103F-16F7-4668-BE54-9A1E7A4F7556}") = "FileTypeChecker.Tests", "FileTypeChecker.Tests\FileTypeChecker.Tests.csproj", "{DA502234-10C8-40F1-97FA-50D1361C4F80}"
EndProject
Project("{2150E333-8FDC-42A3-9474-1A3956D46DE8}") = "Samples", "Samples", "{16730AA2-B6AA-4E29-BEA2-DDAB2DC69BE4}"
EndProject
Project("{9A19103F-16F7-4668-BE54-9A1E7A4F7556}") = "FileTypeChecker.App", "Samples\FileTypeChecker.App\FileTypeChecker.App.csproj", "{DC822814-FC8C-44B3-9BDE-377EE939A938}"
EndProject
Project("{9A19103F-16F7-4668-BE54-9A1E7A4F7556}") = "FileTypeChecker.App.MyCustomTypes", "Samples\FileTypeChecker.App.MyCustomTypes\FileTypeChecker.App.MyCustomTypes.csproj", "{2C49FF06-90FF-442B-8757-210521AB22EE}"
EndProject
Project("{9A19103F-16F7-4668-BE54-9A1E7A4F7556}") = "FileTypeChecker.Web", "FileTypeChecker.Web\FileTypeChecker.Web.csproj", "{E2301A13-0664-4520-8A63-8130F9F82AE8}"
EndProject
Project("{9A19103F-16F7-4668-BE54-9A1E7A4F7556}") = "FileTypeChecker.Web.Tests", "FileTypeChecker.Web.Tests\FileTypeChecker.Web.Tests.csproj", "{AA17B437-1C25-44D4-9A2F-95853321F5EE}"
EndProject
Project("{9A19103F-16F7-4668-BE54-9A1E7A4F7556}") = "FileTypeChecker.WebApp", "Samples\FileTypeChecker.WebApp\FileTypeChecker.WebApp.csproj", "{6BC96171-7E51-4F72-AF1E-9993D4716FA0}"
EndProject
Project("{FAE04EC0-301F-11D3-BF4B-00C04F79EFBC}") = "FileTypeChecker.Common", "FileTypeChecker.Common\FileTypeChecker.Common.csproj", "{C4706C8E-30D1-4CEB-827E-4D4EBB253E6B}"
EndProject
Global
	GlobalSection(SolutionConfigurationPlatforms) = preSolution
		Debug|Any CPU = Debug|Any CPU
		Release|Any CPU = Release|Any CPU
	EndGlobalSection
	GlobalSection(ProjectConfigurationPlatforms) = postSolution
		{3508F73C-16CA-46E2-9BAA-77B21B99AE5A}.Debug|Any CPU.ActiveCfg = Debug|Any CPU
		{3508F73C-16CA-46E2-9BAA-77B21B99AE5A}.Debug|Any CPU.Build.0 = Debug|Any CPU
		{3508F73C-16CA-46E2-9BAA-77B21B99AE5A}.Release|Any CPU.ActiveCfg = Release|Any CPU
		{3508F73C-16CA-46E2-9BAA-77B21B99AE5A}.Release|Any CPU.Build.0 = Release|Any CPU
		{DA502234-10C8-40F1-97FA-50D1361C4F80}.Debug|Any CPU.ActiveCfg = Debug|Any CPU
		{DA502234-10C8-40F1-97FA-50D1361C4F80}.Debug|Any CPU.Build.0 = Debug|Any CPU
		{DA502234-10C8-40F1-97FA-50D1361C4F80}.Release|Any CPU.ActiveCfg = Release|Any CPU
		{DA502234-10C8-40F1-97FA-50D1361C4F80}.Release|Any CPU.Build.0 = Release|Any CPU
		{DC822814-FC8C-44B3-9BDE-377EE939A938}.Debug|Any CPU.ActiveCfg = Debug|Any CPU
		{DC822814-FC8C-44B3-9BDE-377EE939A938}.Debug|Any CPU.Build.0 = Debug|Any CPU
		{DC822814-FC8C-44B3-9BDE-377EE939A938}.Release|Any CPU.ActiveCfg = Release|Any CPU
		{DC822814-FC8C-44B3-9BDE-377EE939A938}.Release|Any CPU.Build.0 = Release|Any CPU
		{2C49FF06-90FF-442B-8757-210521AB22EE}.Debug|Any CPU.ActiveCfg = Debug|Any CPU
		{2C49FF06-90FF-442B-8757-210521AB22EE}.Debug|Any CPU.Build.0 = Debug|Any CPU
		{2C49FF06-90FF-442B-8757-210521AB22EE}.Release|Any CPU.ActiveCfg = Release|Any CPU
		{2C49FF06-90FF-442B-8757-210521AB22EE}.Release|Any CPU.Build.0 = Release|Any CPU
		{E2301A13-0664-4520-8A63-8130F9F82AE8}.Debug|Any CPU.ActiveCfg = Debug|Any CPU
		{E2301A13-0664-4520-8A63-8130F9F82AE8}.Debug|Any CPU.Build.0 = Debug|Any CPU
		{E2301A13-0664-4520-8A63-8130F9F82AE8}.Release|Any CPU.ActiveCfg = Release|Any CPU
		{E2301A13-0664-4520-8A63-8130F9F82AE8}.Release|Any CPU.Build.0 = Release|Any CPU
		{AA17B437-1C25-44D4-9A2F-95853321F5EE}.Debug|Any CPU.ActiveCfg = Debug|Any CPU
		{AA17B437-1C25-44D4-9A2F-95853321F5EE}.Debug|Any CPU.Build.0 = Debug|Any CPU
		{AA17B437-1C25-44D4-9A2F-95853321F5EE}.Release|Any CPU.ActiveCfg = Release|Any CPU
		{AA17B437-1C25-44D4-9A2F-95853321F5EE}.Release|Any CPU.Build.0 = Release|Any CPU
		{6BC96171-7E51-4F72-AF1E-9993D4716FA0}.Debug|Any CPU.ActiveCfg = Debug|Any CPU
		{6BC96171-7E51-4F72-AF1E-9993D4716FA0}.Debug|Any CPU.Build.0 = Debug|Any CPU
		{6BC96171-7E51-4F72-AF1E-9993D4716FA0}.Release|Any CPU.ActiveCfg = Release|Any CPU
		{6BC96171-7E51-4F72-AF1E-9993D4716FA0}.Release|Any CPU.Build.0 = Release|Any CPU
		{C4706C8E-30D1-4CEB-827E-4D4EBB253E6B}.Debug|Any CPU.ActiveCfg = Debug|Any CPU
		{C4706C8E-30D1-4CEB-827E-4D4EBB253E6B}.Debug|Any CPU.Build.0 = Debug|Any CPU
		{C4706C8E-30D1-4CEB-827E-4D4EBB253E6B}.Release|Any CPU.ActiveCfg = Release|Any CPU
		{C4706C8E-30D1-4CEB-827E-4D4EBB253E6B}.Release|Any CPU.Build.0 = Release|Any CPU
	EndGlobalSection
	GlobalSection(SolutionProperties) = preSolution
		HideSolutionNode = FALSE
	EndGlobalSection
	GlobalSection(NestedProjects) = preSolution
		{DC822814-FC8C-44B3-9BDE-377EE939A938} = {16730AA2-B6AA-4E29-BEA2-DDAB2DC69BE4}
		{2C49FF06-90FF-442B-8757-210521AB22EE} = {16730AA2-B6AA-4E29-BEA2-DDAB2DC69BE4}
		{6BC96171-7E51-4F72-AF1E-9993D4716FA0} = {16730AA2-B6AA-4E29-BEA2-DDAB2DC69BE4}
	EndGlobalSection
	GlobalSection(ExtensibilityGlobals) = postSolution
		SolutionGuid = {AFF2EBA4-A45E-4B58-814E-CB8F2F1B0638}
	EndGlobalSection
EndGlobal
